
Microsoft Visual Studio Solution File, Format Version 12.00
# Visual Studio Version 17
VisualStudioVersion = 17.13.35806.99 d17.13
MinimumVisualStudioVersion = 10.0.40219.1
Project("{FAE04EC0-301F-11D3-BF4B-00C04F79EFBC}") = "BookingSystem-Hairdresser", "BookingSystem-Hairdresser.csproj", "{8CA29921-95B6-412B-A317-55056F27473B}"
EndProject
Global
	GlobalSection(SolutionConfigurationPlatforms) = preSolution
		Debug|Any CPU = Debug|Any CPU
		Release|Any CPU = Release|Any CPU
	EndGlobalSection
	GlobalSection(ProjectConfigurationPlatforms) = postSolution
		{8CA29921-95B6-412B-A317-55056F27473B}.Debug|Any CPU.ActiveCfg = Debug|Any CPU
		{8CA29921-95B6-412B-A317-55056F27473B}.Debug|Any CPU.Build.0 = Debug|Any CPU
		{8CA29921-95B6-412B-A317-55056F27473B}.Release|Any CPU.ActiveCfg = Release|Any CPU
		{8CA29921-95B6-412B-A317-55056F27473B}.Release|Any CPU.Build.0 = Release|Any CPU
	EndGlobalSection
	GlobalSection(SolutionProperties) = preSolution
		HideSolutionNode = FALSE
	EndGlobalSection
	GlobalSection(ExtensibilityGlobals) = postSolution
		SolutionGuid = {A9020703-CEF9-4E2B-828A-6A01515A5E5E}
	EndGlobalSection
EndGlobal
